
Microsoft Visual Studio Solution File, Format Version 12.00
# Visual Studio Version 17
VisualStudioVersion = 17.11.35303.130
MinimumVisualStudioVersion = 10.0.40219.1
Project("{9A19103F-16F7-4668-BE54-9A1E7A4F7556}") = "ProjectTraversal", "ProjectTraversal\ProjectTraversal.csproj", "{DB05DDA3-5FC8-48D0-93DD-F64F07C6FC1F}"
EndProject
Project("{9A19103F-16F7-4668-BE54-9A1E7A4F7556}") = "EntityLayer", "EntityLayer\EntityLayer.csproj", "{7D8642A0-300E-46E7-996E-772980D0B62B}"
EndProject
Project("{9A19103F-16F7-4668-BE54-9A1E7A4F7556}") = "DataAccessLayer", "DataAccessLayer\DataAccessLayer.csproj", "{C52A6F35-0873-4165-9D93-A8F196B17270}"
EndProject
Project("{9A19103F-16F7-4668-BE54-9A1E7A4F7556}") = "BusinessLayer", "BusinessLayer\BusinessLayer.csproj", "{320CC6F1-74AD-4E0C-AC7B-B5AD2A0B0E72}"
EndProject
Project("{2150E333-8FDC-42A3-9474-1A3956D46DE8}") = "Solution Items", "Solution Items", "{16A17037-D355-4AFC-A710-C903FB1D4E94}"
	ProjectSection(SolutionItems) = preProject
		.gitignore = .gitignore
	EndProjectSection
EndProject
Global
	GlobalSection(SolutionConfigurationPlatforms) = preSolution
		Debug|Any CPU = Debug|Any CPU
		Release|Any CPU = Release|Any CPU
	EndGlobalSection
	GlobalSection(ProjectConfigurationPlatforms) = postSolution
		{DB05DDA3-5FC8-48D0-93DD-F64F07C6FC1F}.Debug|Any CPU.ActiveCfg = Debug|Any CPU
		{DB05DDA3-5FC8-48D0-93DD-F64F07C6FC1F}.Debug|Any CPU.Build.0 = Debug|Any CPU
		{DB05DDA3-5FC8-48D0-93DD-F64F07C6FC1F}.Release|Any CPU.ActiveCfg = Release|Any CPU
		{DB05DDA3-5FC8-48D0-93DD-F64F07C6FC1F}.Release|Any CPU.Build.0 = Release|Any CPU
		{7D8642A0-300E-46E7-996E-772980D0B62B}.Debug|Any CPU.ActiveCfg = Debug|Any CPU
		{7D8642A0-300E-46E7-996E-772980D0B62B}.Debug|Any CPU.Build.0 = Debug|Any CPU
		{7D8642A0-300E-46E7-996E-772980D0B62B}.Release|Any CPU.ActiveCfg = Release|Any CPU
		{7D8642A0-300E-46E7-996E-772980D0B62B}.Release|Any CPU.Build.0 = Release|Any CPU
		{C52A6F35-0873-4165-9D93-A8F196B17270}.Debug|Any CPU.ActiveCfg = Debug|Any CPU
		{C52A6F35-0873-4165-9D93-A8F196B17270}.Debug|Any CPU.Build.0 = Debug|Any CPU
		{C52A6F35-0873-4165-9D93-A8F196B17270}.Release|Any CPU.ActiveCfg = Release|Any CPU
		{C52A6F35-0873-4165-9D93-A8F196B17270}.Release|Any CPU.Build.0 = Release|Any CPU
		{320CC6F1-74AD-4E0C-AC7B-B5AD2A0B0E72}.Debug|Any CPU.ActiveCfg = Debug|Any CPU
		{320CC6F1-74AD-4E0C-AC7B-B5AD2A0B0E72}.Debug|Any CPU.Build.0 = Debug|Any CPU
		{320CC6F1-74AD-4E0C-AC7B-B5AD2A0B0E72}.Release|Any CPU.ActiveCfg = Release|Any CPU
		{320CC6F1-74AD-4E0C-AC7B-B5AD2A0B0E72}.Release|Any CPU.Build.0 = Release|Any CPU
	EndGlobalSection
	GlobalSection(SolutionProperties) = preSolution
		HideSolutionNode = FALSE
	EndGlobalSection
	GlobalSection(ExtensibilityGlobals) = postSolution
		SolutionGuid = {88C8DC89-9B59-4332-BFE8-B68EFE6CA570}
	EndGlobalSection
EndGlobal
